
Microsoft Visual Studio Solution File, Format Version 12.00
# Visual Studio 15
VisualStudioVersion = 15.0.28010.2048
MinimumVisualStudioVersion = 10.0.40219.1
Project("{FAE04EC0-301F-11D3-BF4B-00C04F79EFBC}") = "Coursework_c_sharp", "Coursework_c_sharp\Coursework_c_sharp.csproj", "{E68F48CA-3F6E-480C-8511-8DA1A4EE306C}"
EndProject
Global
	GlobalSection(SolutionConfigurationPlatforms) = preSolution
		Debug|Any CPU = Debug|Any CPU
		Release|Any CPU = Release|Any CPU
	EndGlobalSection
	GlobalSection(ProjectConfigurationPlatforms) = postSolution
		{E68F48CA-3F6E-480C-8511-8DA1A4EE306C}.Debug|Any CPU.ActiveCfg = Debug|Any CPU
		{E68F48CA-3F6E-480C-8511-8DA1A4EE306C}.Debug|Any CPU.Build.0 = Debug|Any CPU
		{E68F48CA-3F6E-480C-8511-8DA1A4EE306C}.Release|Any CPU.ActiveCfg = Release|Any CPU
		{E68F48CA-3F6E-480C-8511-8DA1A4EE306C}.Release|Any CPU.Build.0 = Release|Any CPU
	EndGlobalSection
	GlobalSection(SolutionProperties) = preSolution
		HideSolutionNode = FALSE
	EndGlobalSection
	GlobalSection(ExtensibilityGlobals) = postSolution
		SolutionGuid = {084811A9-647F-415B-B94B-A01C02F10B16}
	EndGlobalSection
EndGlobal
